// !$*UTF8*$!
{
	archiveVersion = 1;
	classes = {
	};
	objectVersion = 56;
	objects = {

/* Begin PBXBuildFile section */
		10CB508E2B11C98F007BFD46 /* GoogleService-Info.plist in Resources */ = {isa = PBXBuildFile; fileRef = 10CB508D2B11C98F007BFD46 /* GoogleService-Info.plist */; };
		10CB50902B11D356007BFD46 /* UserSettingVIew.swift in Sources */ = {isa = PBXBuildFile; fileRef = 10CB508F2B11D356007BFD46 /* UserSettingVIew.swift */; };
		10CB50922B11D398007BFD46 /* LobbyView.swift in Sources */ = {isa = PBXBuildFile; fileRef = 10CB50912B11D398007BFD46 /* LobbyView.swift */; };
		10CB50942B11D3E1007BFD46 /* ShareView.swift in Sources */ = {isa = PBXBuildFile; fileRef = 10CB50932B11D3E1007BFD46 /* ShareView.swift */; };
		10CB50962B11D402007BFD46 /* EnterView.swift in Sources */ = {isa = PBXBuildFile; fileRef = 10CB50952B11D402007BFD46 /* EnterView.swift */; };
		10CB50982B11D41A007BFD46 /* LobbyMakeView.swift in Sources */ = {isa = PBXBuildFile; fileRef = 10CB50972B11D41A007BFD46 /* LobbyMakeView.swift */; };
		AAE3780F2B11B93A000336DA /* Cookie_SwiftUIApp.swift in Sources */ = {isa = PBXBuildFile; fileRef = AAE3780E2B11B93A000336DA /* Cookie_SwiftUIApp.swift */; };
		AAE378112B11B93A000336DA /* ContentView.swift in Sources */ = {isa = PBXBuildFile; fileRef = AAE378102B11B93A000336DA /* ContentView.swift */; };
		AAE378132B11B93C000336DA /* Assets.xcassets in Resources */ = {isa = PBXBuildFile; fileRef = AAE378122B11B93C000336DA /* Assets.xcassets */; };
		AAE378162B11B93C000336DA /* Preview Assets.xcassets in Resources */ = {isa = PBXBuildFile; fileRef = AAE378152B11B93C000336DA /* Preview Assets.xcassets */; };
		AAE3781E2B11B9E9000336DA /* FirebaseAnalytics in Frameworks */ = {isa = PBXBuildFile; productRef = AAE3781D2B11B9E9000336DA /* FirebaseAnalytics */; };
		AAE378202B11B9E9000336DA /* FirebaseAnalyticsOnDeviceConversion in Frameworks */ = {isa = PBXBuildFile; productRef = AAE3781F2B11B9E9000336DA /* FirebaseAnalyticsOnDeviceConversion */; };
		AAE378222B11B9E9000336DA /* FirebaseAnalyticsSwift in Frameworks */ = {isa = PBXBuildFile; productRef = AAE378212B11B9E9000336DA /* FirebaseAnalyticsSwift */; };
		AAE378242B11B9E9000336DA /* FirebaseAnalyticsWithoutAdIdSupport in Frameworks */ = {isa = PBXBuildFile; productRef = AAE378232B11B9E9000336DA /* FirebaseAnalyticsWithoutAdIdSupport */; };
		AAE378262B11B9E9000336DA /* FirebaseAppCheck in Frameworks */ = {isa = PBXBuildFile; productRef = AAE378252B11B9E9000336DA /* FirebaseAppCheck */; };
		AAE3782C2B11C732000336DA /* FirebaseAnalytics in Frameworks */ = {isa = PBXBuildFile; productRef = AAE3782B2B11C732000336DA /* FirebaseAnalytics */; };
		AAE3782E2B11C732000336DA /* FirebaseAnalyticsOnDeviceConversion in Frameworks */ = {isa = PBXBuildFile; productRef = AAE3782D2B11C732000336DA /* FirebaseAnalyticsOnDeviceConversion */; };
		AAE378302B11C732000336DA /* FirebaseAnalyticsSwift in Frameworks */ = {isa = PBXBuildFile; productRef = AAE3782F2B11C732000336DA /* FirebaseAnalyticsSwift */; };
		AAE378322B11C732000336DA /* FirebaseAnalyticsWithoutAdIdSupport in Frameworks */ = {isa = PBXBuildFile; productRef = AAE378312B11C732000336DA /* FirebaseAnalyticsWithoutAdIdSupport */; };
		AAE378342B11C732000336DA /* FirebaseAppCheck in Frameworks */ = {isa = PBXBuildFile; productRef = AAE378332B11C732000336DA /* FirebaseAppCheck */; };
		AAE378362B11C732000336DA /* FirebaseAppDistribution-Beta in Frameworks */ = {isa = PBXBuildFile; productRef = AAE378352B11C732000336DA /* FirebaseAppDistribution-Beta */; };
		AAE378382B11C732000336DA /* FirebaseAuth in Frameworks */ = {isa = PBXBuildFile; productRef = AAE378372B11C732000336DA /* FirebaseAuth */; };
		AAE3783A2B11C732000336DA /* FirebaseAuthCombine-Community in Frameworks */ = {isa = PBXBuildFile; productRef = AAE378392B11C732000336DA /* FirebaseAuthCombine-Community */; };
		AAE3783C2B11C732000336DA /* FirebaseCrashlytics in Frameworks */ = {isa = PBXBuildFile; productRef = AAE3783B2B11C732000336DA /* FirebaseCrashlytics */; };
		AAE3783E2B11C732000336DA /* FirebaseDatabase in Frameworks */ = {isa = PBXBuildFile; productRef = AAE3783D2B11C732000336DA /* FirebaseDatabase */; };
		AAE378402B11C732000336DA /* FirebaseDatabaseSwift in Frameworks */ = {isa = PBXBuildFile; productRef = AAE3783F2B11C732000336DA /* FirebaseDatabaseSwift */; };
		AAE378422B11C732000336DA /* FirebaseDynamicLinks in Frameworks */ = {isa = PBXBuildFile; productRef = AAE378412B11C732000336DA /* FirebaseDynamicLinks */; };
		AAE378442B11C732000336DA /* FirebaseFirestore in Frameworks */ = {isa = PBXBuildFile; productRef = AAE378432B11C732000336DA /* FirebaseFirestore */; };
		AAE378462B11C732000336DA /* FirebaseFirestoreCombine-Community in Frameworks */ = {isa = PBXBuildFile; productRef = AAE378452B11C732000336DA /* FirebaseFirestoreCombine-Community */; };
		AAE378482B11C732000336DA /* FirebaseFirestoreSwift in Frameworks */ = {isa = PBXBuildFile; productRef = AAE378472B11C732000336DA /* FirebaseFirestoreSwift */; };
		AAE3784A2B11C732000336DA /* FirebaseFunctions in Frameworks */ = {isa = PBXBuildFile; productRef = AAE378492B11C732000336DA /* FirebaseFunctions */; };
		AAE3784C2B11C732000336DA /* FirebaseFunctionsCombine-Community in Frameworks */ = {isa = PBXBuildFile; productRef = AAE3784B2B11C732000336DA /* FirebaseFunctionsCombine-Community */; };
		AAE3784E2B11C732000336DA /* FirebaseInAppMessaging-Beta in Frameworks */ = {isa = PBXBuildFile; productRef = AAE3784D2B11C732000336DA /* FirebaseInAppMessaging-Beta */; };
		AAE378502B11C732000336DA /* FirebaseInAppMessagingSwift-Beta in Frameworks */ = {isa = PBXBuildFile; productRef = AAE3784F2B11C732000336DA /* FirebaseInAppMessagingSwift-Beta */; };
		AAE378522B11C732000336DA /* FirebaseInstallations in Frameworks */ = {isa = PBXBuildFile; productRef = AAE378512B11C732000336DA /* FirebaseInstallations */; };
		AAE378542B11C732000336DA /* FirebaseMLModelDownloader in Frameworks */ = {isa = PBXBuildFile; productRef = AAE378532B11C732000336DA /* FirebaseMLModelDownloader */; };
		AAE378562B11C732000336DA /* FirebaseMessaging in Frameworks */ = {isa = PBXBuildFile; productRef = AAE378552B11C732000336DA /* FirebaseMessaging */; };
		AAE378582B11C732000336DA /* FirebasePerformance in Frameworks */ = {isa = PBXBuildFile; productRef = AAE378572B11C732000336DA /* FirebasePerformance */; };
		AAE3785A2B11C732000336DA /* FirebaseRemoteConfig in Frameworks */ = {isa = PBXBuildFile; productRef = AAE378592B11C732000336DA /* FirebaseRemoteConfig */; };
		AAE3785C2B11C732000336DA /* FirebaseRemoteConfigSwift in Frameworks */ = {isa = PBXBuildFile; productRef = AAE3785B2B11C732000336DA /* FirebaseRemoteConfigSwift */; };
		AAE3785E2B11C732000336DA /* FirebaseStorage in Frameworks */ = {isa = PBXBuildFile; productRef = AAE3785D2B11C732000336DA /* FirebaseStorage */; };
		AAE378602B11C732000336DA /* FirebaseStorageCombine-Community in Frameworks */ = {isa = PBXBuildFile; productRef = AAE3785F2B11C732000336DA /* FirebaseStorageCombine-Community */; };
/* End PBXBuildFile section */

/* Begin PBXFileReference section */
		10CB508D2B11C98F007BFD46 /* GoogleService-Info.plist */ = {isa = PBXFileReference; fileEncoding = 4; lastKnownFileType = text.plist.xml; name = "GoogleService-Info.plist"; path = "../../../../../Downloads/GoogleService-Info.plist"; sourceTree = "<group>"; };
		10CB508F2B11D356007BFD46 /* UserSettingVIew.swift */ = {isa = PBXFileReference; lastKnownFileType = sourcecode.swift; path = UserSettingVIew.swift; sourceTree = "<group>"; };
		10CB50912B11D398007BFD46 /* LobbyView.swift */ = {isa = PBXFileReference; lastKnownFileType = sourcecode.swift; path = LobbyView.swift; sourceTree = "<group>"; };
		10CB50932B11D3E1007BFD46 /* ShareView.swift */ = {isa = PBXFileReference; lastKnownFileType = sourcecode.swift; path = ShareView.swift; sourceTree = "<group>"; };
		10CB50952B11D402007BFD46 /* EnterView.swift */ = {isa = PBXFileReference; lastKnownFileType = sourcecode.swift; path = EnterView.swift; sourceTree = "<group>"; };
		10CB50972B11D41A007BFD46 /* LobbyMakeView.swift */ = {isa = PBXFileReference; lastKnownFileType = sourcecode.swift; path = LobbyMakeView.swift; sourceTree = "<group>"; };
		AAE3780B2B11B93A000336DA /* Cookie-SwiftUI.app */ = {isa = PBXFileReference; explicitFileType = wrapper.application; includeInIndex = 0; path = "Cookie-SwiftUI.app"; sourceTree = BUILT_PRODUCTS_DIR; };
		AAE3780E2B11B93A000336DA /* Cookie_SwiftUIApp.swift */ = {isa = PBXFileReference; lastKnownFileType = sourcecode.swift; path = Cookie_SwiftUIApp.swift; sourceTree = "<group>"; };
		AAE378102B11B93A000336DA /* ContentView.swift */ = {isa = PBXFileReference; lastKnownFileType = sourcecode.swift; path = ContentView.swift; sourceTree = "<group>"; };
		AAE378122B11B93C000336DA /* Assets.xcassets */ = {isa = PBXFileReference; lastKnownFileType = folder.assetcatalog; path = Assets.xcassets; sourceTree = "<group>"; };
		AAE378152B11B93C000336DA /* Preview Assets.xcassets */ = {isa = PBXFileReference; lastKnownFileType = folder.assetcatalog; path = "Preview Assets.xcassets"; sourceTree = "<group>"; };
/* End PBXFileReference section */

/* Begin PBXFrameworksBuildPhase section */
		AAE378082B11B93A000336DA /* Frameworks */ = {
			isa = PBXFrameworksBuildPhase;
			buildActionMask = 2147483647;
			files = (
				AAE378562B11C732000336DA /* FirebaseMessaging in Frameworks */,
				AAE378462B11C732000336DA /* FirebaseFirestoreCombine-Community in Frameworks */,
				AAE3783E2B11C732000336DA /* FirebaseDatabase in Frameworks */,
				AAE378222B11B9E9000336DA /* FirebaseAnalyticsSwift in Frameworks */,
				AAE3785E2B11C732000336DA /* FirebaseStorage in Frameworks */,
				AAE3781E2B11B9E9000336DA /* FirebaseAnalytics in Frameworks */,
				AAE3782C2B11C732000336DA /* FirebaseAnalytics in Frameworks */,
				AAE3783C2B11C732000336DA /* FirebaseCrashlytics in Frameworks */,
				AAE378442B11C732000336DA /* FirebaseFirestore in Frameworks */,
				AAE378422B11C732000336DA /* FirebaseDynamicLinks in Frameworks */,
				AAE378602B11C732000336DA /* FirebaseStorageCombine-Community in Frameworks */,
				AAE3782E2B11C732000336DA /* FirebaseAnalyticsOnDeviceConversion in Frameworks */,
				AAE3784C2B11C732000336DA /* FirebaseFunctionsCombine-Community in Frameworks */,
				AAE378502B11C732000336DA /* FirebaseInAppMessagingSwift-Beta in Frameworks */,
				AAE378542B11C732000336DA /* FirebaseMLModelDownloader in Frameworks */,
				AAE3784E2B11C732000336DA /* FirebaseInAppMessaging-Beta in Frameworks */,
				AAE378582B11C732000336DA /* FirebasePerformance in Frameworks */,
				AAE3783A2B11C732000336DA /* FirebaseAuthCombine-Community in Frameworks */,
				AAE378302B11C732000336DA /* FirebaseAnalyticsSwift in Frameworks */,
				AAE378402B11C732000336DA /* FirebaseDatabaseSwift in Frameworks */,
				AAE378202B11B9E9000336DA /* FirebaseAnalyticsOnDeviceConversion in Frameworks */,
				AAE3785A2B11C732000336DA /* FirebaseRemoteConfig in Frameworks */,
				AAE378262B11B9E9000336DA /* FirebaseAppCheck in Frameworks */,
				AAE378382B11C732000336DA /* FirebaseAuth in Frameworks */,
				AAE3784A2B11C732000336DA /* FirebaseFunctions in Frameworks */,
				AAE378522B11C732000336DA /* FirebaseInstallations in Frameworks */,
				AAE378482B11C732000336DA /* FirebaseFirestoreSwift in Frameworks */,
				AAE378322B11C732000336DA /* FirebaseAnalyticsWithoutAdIdSupport in Frameworks */,
				AAE378342B11C732000336DA /* FirebaseAppCheck in Frameworks */,
				AAE3785C2B11C732000336DA /* FirebaseRemoteConfigSwift in Frameworks */,
				AAE378362B11C732000336DA /* FirebaseAppDistribution-Beta in Frameworks */,
				AAE378242B11B9E9000336DA /* FirebaseAnalyticsWithoutAdIdSupport in Frameworks */,
			);
			runOnlyForDeploymentPostprocessing = 0;
		};
/* End PBXFrameworksBuildPhase section */

/* Begin PBXGroup section */
		AAE378022B11B93A000336DA = {
			isa = PBXGroup;
			children = (
				AAE3780D2B11B93A000336DA /* Cookie-SwiftUI */,
				AAE3780C2B11B93A000336DA /* Products */,
			);
			sourceTree = "<group>";
		};
		AAE3780C2B11B93A000336DA /* Products */ = {
			isa = PBXGroup;
			children = (
				AAE3780B2B11B93A000336DA /* Cookie-SwiftUI.app */,
			);
			name = Products;
			sourceTree = "<group>";
		};
		AAE3780D2B11B93A000336DA /* Cookie-SwiftUI */ = {
			isa = PBXGroup;
			children = (
				AAE3780E2B11B93A000336DA /* Cookie_SwiftUIApp.swift */,
				AAE378102B11B93A000336DA /* ContentView.swift */,
				10CB50912B11D398007BFD46 /* LobbyView.swift */,
				10CB50972B11D41A007BFD46 /* LobbyMakeView.swift */,
				10CB50952B11D402007BFD46 /* EnterView.swift */,
				10CB50932B11D3E1007BFD46 /* ShareView.swift */,
				10CB508F2B11D356007BFD46 /* UserSettingVIew.swift */,
				10CB508D2B11C98F007BFD46 /* GoogleService-Info.plist */,
				AAE378122B11B93C000336DA /* Assets.xcassets */,
				AAE378142B11B93C000336DA /* Preview Content */,
			);
			path = "Cookie-SwiftUI";
			sourceTree = "<group>";
		};
		AAE378142B11B93C000336DA /* Preview Content */ = {
			isa = PBXGroup;
			children = (
				AAE378152B11B93C000336DA /* Preview Assets.xcassets */,
			);
			path = "Preview Content";
			sourceTree = "<group>";
		};
/* End PBXGroup section */

/* Begin PBXNativeTarget section */
		AAE3780A2B11B93A000336DA /* Cookie-SwiftUI */ = {
			isa = PBXNativeTarget;
			buildConfigurationList = AAE378192B11B93C000336DA /* Build configuration list for PBXNativeTarget "Cookie-SwiftUI" */;
			buildPhases = (
				AAE378072B11B93A000336DA /* Sources */,
				AAE378082B11B93A000336DA /* Frameworks */,
				AAE378092B11B93A000336DA /* Resources */,
			);
			buildRules = (
			);
			dependencies = (
			);
			name = "Cookie-SwiftUI";
			packageProductDependencies = (
				AAE3781D2B11B9E9000336DA /* FirebaseAnalytics */,
				AAE3781F2B11B9E9000336DA /* FirebaseAnalyticsOnDeviceConversion */,
				AAE378212B11B9E9000336DA /* FirebaseAnalyticsSwift */,
				AAE378232B11B9E9000336DA /* FirebaseAnalyticsWithoutAdIdSupport */,
				AAE378252B11B9E9000336DA /* FirebaseAppCheck */,
				AAE3782B2B11C732000336DA /* FirebaseAnalytics */,
				AAE3782D2B11C732000336DA /* FirebaseAnalyticsOnDeviceConversion */,
				AAE3782F2B11C732000336DA /* FirebaseAnalyticsSwift */,
				AAE378312B11C732000336DA /* FirebaseAnalyticsWithoutAdIdSupport */,
				AAE378332B11C732000336DA /* FirebaseAppCheck */,
				AAE378352B11C732000336DA /* FirebaseAppDistribution-Beta */,
				AAE378372B11C732000336DA /* FirebaseAuth */,
				AAE378392B11C732000336DA /* FirebaseAuthCombine-Community */,
				AAE3783B2B11C732000336DA /* FirebaseCrashlytics */,
				AAE3783D2B11C732000336DA /* FirebaseDatabase */,
				AAE3783F2B11C732000336DA /* FirebaseDatabaseSwift */,
				AAE378412B11C732000336DA /* FirebaseDynamicLinks */,
				AAE378432B11C732000336DA /* FirebaseFirestore */,
				AAE378452B11C732000336DA /* FirebaseFirestoreCombine-Community */,
				AAE378472B11C732000336DA /* FirebaseFirestoreSwift */,
				AAE378492B11C732000336DA /* FirebaseFunctions */,
				AAE3784B2B11C732000336DA /* FirebaseFunctionsCombine-Community */,
				AAE3784D2B11C732000336DA /* FirebaseInAppMessaging-Beta */,
				AAE3784F2B11C732000336DA /* FirebaseInAppMessagingSwift-Beta */,
				AAE378512B11C732000336DA /* FirebaseInstallations */,
				AAE378532B11C732000336DA /* FirebaseMLModelDownloader */,
				AAE378552B11C732000336DA /* FirebaseMessaging */,
				AAE378572B11C732000336DA /* FirebasePerformance */,
				AAE378592B11C732000336DA /* FirebaseRemoteConfig */,
				AAE3785B2B11C732000336DA /* FirebaseRemoteConfigSwift */,
				AAE3785D2B11C732000336DA /* FirebaseStorage */,
				AAE3785F2B11C732000336DA /* FirebaseStorageCombine-Community */,
			);
			productName = "Cookie-SwiftUI";
			productReference = AAE3780B2B11B93A000336DA /* Cookie-SwiftUI.app */;
			productType = "com.apple.product-type.application";
		};
/* End PBXNativeTarget section */

/* Begin PBXProject section */
		AAE378032B11B93A000336DA /* Project object */ = {
			isa = PBXProject;
			attributes = {
				BuildIndependentTargetsInParallel = 1;
				LastSwiftUpdateCheck = 1500;
				LastUpgradeCheck = 1500;
				TargetAttributes = {
					AAE3780A2B11B93A000336DA = {
						CreatedOnToolsVersion = 15.0.1;
					};
				};
			};
			buildConfigurationList = AAE378062B11B93A000336DA /* Build configuration list for PBXProject "Cookie-SwiftUI" */;
			compatibilityVersion = "Xcode 14.0";
			developmentRegion = en;
			hasScannedForEncodings = 0;
			knownRegions = (
				en,
				Base,
			);
			mainGroup = AAE378022B11B93A000336DA;
			packageReferences = (
				AAE3781C2B11B9E9000336DA /* XCRemoteSwiftPackageReference "firebase-ios-sdk" */,
			);
			productRefGroup = AAE3780C2B11B93A000336DA /* Products */;
			projectDirPath = "";
			projectRoot = "";
			targets = (
				AAE3780A2B11B93A000336DA /* Cookie-SwiftUI */,
			);
		};
/* End PBXProject section */

/* Begin PBXResourcesBuildPhase section */
		AAE378092B11B93A000336DA /* Resources */ = {
			isa = PBXResourcesBuildPhase;
			buildActionMask = 2147483647;
			files = (
				AAE378162B11B93C000336DA /* Preview Assets.xcassets in Resources */,
				10CB508E2B11C98F007BFD46 /* GoogleService-Info.plist in Resources */,
				AAE378132B11B93C000336DA /* Assets.xcassets in Resources */,
			);
			runOnlyForDeploymentPostprocessing = 0;
		};
/* End PBXResourcesBuildPhase section */

/* Begin PBXSourcesBuildPhase section */
		AAE378072B11B93A000336DA /* Sources */ = {
			isa = PBXSourcesBuildPhase;
			buildActionMask = 2147483647;
			files = (
				10CB50942B11D3E1007BFD46 /* ShareView.swift in Sources */,
				10CB50902B11D356007BFD46 /* UserSettingVIew.swift in Sources */,
				10CB50922B11D398007BFD46 /* LobbyView.swift in Sources */,
				AAE378112B11B93A000336DA /* ContentView.swift in Sources */,
				AAE3780F2B11B93A000336DA /* Cookie_SwiftUIApp.swift in Sources */,
				10CB50982B11D41A007BFD46 /* LobbyMakeView.swift in Sources */,
				10CB50962B11D402007BFD46 /* EnterView.swift in Sources */,
			);
			runOnlyForDeploymentPostprocessing = 0;
		};
/* End PBXSourcesBuildPhase section */

/* Begin XCBuildConfiguration section */
		AAE378172B11B93C000336DA /* Debug */ = {
			isa = XCBuildConfiguration;
			buildSettings = {
				ALWAYS_SEARCH_USER_PATHS = NO;
				ASSETCATALOG_COMPILER_GENERATE_SWIFT_ASSET_SYMBOL_EXTENSIONS = YES;
				CLANG_ANALYZER_NONNULL = YES;
				CLANG_ANALYZER_NUMBER_OBJECT_CONVERSION = YES_AGGRESSIVE;
				CLANG_CXX_LANGUAGE_STANDARD = "gnu++20";
				CLANG_ENABLE_MODULES = YES;
				CLANG_ENABLE_OBJC_ARC = YES;
				CLANG_ENABLE_OBJC_WEAK = YES;
				CLANG_WARN_BLOCK_CAPTURE_AUTORELEASING = YES;
				CLANG_WARN_BOOL_CONVERSION = YES;
				CLANG_WARN_COMMA = YES;
				CLANG_WARN_CONSTANT_CONVERSION = YES;
				CLANG_WARN_DEPRECATED_OBJC_IMPLEMENTATIONS = YES;
				CLANG_WARN_DIRECT_OBJC_ISA_USAGE = YES_ERROR;
				CLANG_WARN_DOCUMENTATION_COMMENTS = YES;
				CLANG_WARN_EMPTY_BODY = YES;
				CLANG_WARN_ENUM_CONVERSION = YES;
				CLANG_WARN_INFINITE_RECURSION = YES;
				CLANG_WARN_INT_CONVERSION = YES;
				CLANG_WARN_NON_LITERAL_NULL_CONVERSION = YES;
				CLANG_WARN_OBJC_IMPLICIT_RETAIN_SELF = YES;
				CLANG_WARN_OBJC_LITERAL_CONVERSION = YES;
				CLANG_WARN_OBJC_ROOT_CLASS = YES_ERROR;
				CLANG_WARN_QUOTED_INCLUDE_IN_FRAMEWORK_HEADER = YES;
				CLANG_WARN_RANGE_LOOP_ANALYSIS = YES;
				CLANG_WARN_STRICT_PROTOTYPES = YES;
				CLANG_WARN_SUSPICIOUS_MOVE = YES;
				CLANG_WARN_UNGUARDED_AVAILABILITY = YES_AGGRESSIVE;
				CLANG_WARN_UNREACHABLE_CODE = YES;
				CLANG_WARN__DUPLICATE_METHOD_MATCH = YES;
				COPY_PHASE_STRIP = NO;
				DEBUG_INFORMATION_FORMAT = dwarf;
				ENABLE_STRICT_OBJC_MSGSEND = YES;
				ENABLE_TESTABILITY = YES;
				ENABLE_USER_SCRIPT_SANDBOXING = YES;
				GCC_C_LANGUAGE_STANDARD = gnu17;
				GCC_DYNAMIC_NO_PIC = NO;
				GCC_NO_COMMON_BLOCKS = YES;
				GCC_OPTIMIZATION_LEVEL = 0;
				GCC_PREPROCESSOR_DEFINITIONS = (
					"DEBUG=1",
					"$(inherited)",
				);
				GCC_WARN_64_TO_32_BIT_CONVERSION = YES;
				GCC_WARN_ABOUT_RETURN_TYPE = YES_ERROR;
				GCC_WARN_UNDECLARED_SELECTOR = YES;
				GCC_WARN_UNINITIALIZED_AUTOS = YES_AGGRESSIVE;
				GCC_WARN_UNUSED_FUNCTION = YES;
				GCC_WARN_UNUSED_VARIABLE = YES;
				IPHONEOS_DEPLOYMENT_TARGET = 17.0;
				LOCALIZATION_PREFERS_STRING_CATALOGS = YES;
				MTL_ENABLE_DEBUG_INFO = INCLUDE_SOURCE;
				MTL_FAST_MATH = YES;
				ONLY_ACTIVE_ARCH = YES;
				SDKROOT = iphoneos;
				SWIFT_ACTIVE_COMPILATION_CONDITIONS = "DEBUG $(inherited)";
				SWIFT_OPTIMIZATION_LEVEL = "-Onone";
			};
			name = Debug;
		};
		AAE378182B11B93C000336DA /* Release */ = {
			isa = XCBuildConfiguration;
			buildSettings = {
				ALWAYS_SEARCH_USER_PATHS = NO;
				ASSETCATALOG_COMPILER_GENERATE_SWIFT_ASSET_SYMBOL_EXTENSIONS = YES;
				CLANG_ANALYZER_NONNULL = YES;
				CLANG_ANALYZER_NUMBER_OBJECT_CONVERSION = YES_AGGRESSIVE;
				CLANG_CXX_LANGUAGE_STANDARD = "gnu++20";
				CLANG_ENABLE_MODULES = YES;
				CLANG_ENABLE_OBJC_ARC = YES;
				CLANG_ENABLE_OBJC_WEAK = YES;
				CLANG_WARN_BLOCK_CAPTURE_AUTORELEASING = YES;
				CLANG_WARN_BOOL_CONVERSION = YES;
				CLANG_WARN_COMMA = YES;
				CLANG_WARN_CONSTANT_CONVERSION = YES;
				CLANG_WARN_DEPRECATED_OBJC_IMPLEMENTATIONS = YES;
				CLANG_WARN_DIRECT_OBJC_ISA_USAGE = YES_ERROR;
				CLANG_WARN_DOCUMENTATION_COMMENTS = YES;
				CLANG_WARN_EMPTY_BODY = YES;
				CLANG_WARN_ENUM_CONVERSION = YES;
				CLANG_WARN_INFINITE_RECURSION = YES;
				CLANG_WARN_INT_CONVERSION = YES;
				CLANG_WARN_NON_LITERAL_NULL_CONVERSION = YES;
				CLANG_WARN_OBJC_IMPLICIT_RETAIN_SELF = YES;
				CLANG_WARN_OBJC_LITERAL_CONVERSION = YES;
				CLANG_WARN_OBJC_ROOT_CLASS = YES_ERROR;
				CLANG_WARN_QUOTED_INCLUDE_IN_FRAMEWORK_HEADER = YES;
				CLANG_WARN_RANGE_LOOP_ANALYSIS = YES;
				CLANG_WARN_STRICT_PROTOTYPES = YES;
				CLANG_WARN_SUSPICIOUS_MOVE = YES;
				CLANG_WARN_UNGUARDED_AVAILABILITY = YES_AGGRESSIVE;
				CLANG_WARN_UNREACHABLE_CODE = YES;
				CLANG_WARN__DUPLICATE_METHOD_MATCH = YES;
				COPY_PHASE_STRIP = NO;
				DEBUG_INFORMATION_FORMAT = "dwarf-with-dsym";
				ENABLE_NS_ASSERTIONS = NO;
				ENABLE_STRICT_OBJC_MSGSEND = YES;
				ENABLE_USER_SCRIPT_SANDBOXING = YES;
				GCC_C_LANGUAGE_STANDARD = gnu17;
				GCC_NO_COMMON_BLOCKS = YES;
				GCC_WARN_64_TO_32_BIT_CONVERSION = YES;
				GCC_WARN_ABOUT_RETURN_TYPE = YES_ERROR;
				GCC_WARN_UNDECLARED_SELECTOR = YES;
				GCC_WARN_UNINITIALIZED_AUTOS = YES_AGGRESSIVE;
				GCC_WARN_UNUSED_FUNCTION = YES;
				GCC_WARN_UNUSED_VARIABLE = YES;
				IPHONEOS_DEPLOYMENT_TARGET = 17.0;
				LOCALIZATION_PREFERS_STRING_CATALOGS = YES;
				MTL_ENABLE_DEBUG_INFO = NO;
				MTL_FAST_MATH = YES;
				SDKROOT = iphoneos;
				SWIFT_COMPILATION_MODE = wholemodule;
				VALIDATE_PRODUCT = YES;
			};
			name = Release;
		};
		AAE3781A2B11B93C000336DA /* Debug */ = {
			isa = XCBuildConfiguration;
			buildSettings = {
				ASSETCATALOG_COMPILER_APPICON_NAME = AppIcon;
				ASSETCATALOG_COMPILER_GLOBAL_ACCENT_COLOR_NAME = AccentColor;
				CODE_SIGN_STYLE = Automatic;
				CURRENT_PROJECT_VERSION = 1;
				DEVELOPMENT_ASSET_PATHS = "\"Cookie-SwiftUI/Preview Content\"";
				ENABLE_PREVIEWS = YES;
				GENERATE_INFOPLIST_FILE = YES;
				INFOPLIST_KEY_UIApplicationSceneManifest_Generation = YES;
				INFOPLIST_KEY_UIApplicationSupportsIndirectInputEvents = YES;
				INFOPLIST_KEY_UILaunchScreen_Generation = YES;
				INFOPLIST_KEY_UISupportedInterfaceOrientations_iPad = "UIInterfaceOrientationPortrait UIInterfaceOrientationPortraitUpsideDown UIInterfaceOrientationLandscapeLeft UIInterfaceOrientationLandscapeRight";
				INFOPLIST_KEY_UISupportedInterfaceOrientations_iPhone = "UIInterfaceOrientationPortrait UIInterfaceOrientationLandscapeLeft UIInterfaceOrientationLandscapeRight";
				IPHONEOS_DEPLOYMENT_TARGET = 16.4;
				LD_RUNPATH_SEARCH_PATHS = (
					"$(inherited)",
					"@executable_path/Frameworks",
				);
				MARKETING_VERSION = 1.0;
				PRODUCT_BUNDLE_IDENTIFIER = com.cookie;
				PRODUCT_NAME = "$(TARGET_NAME)";
				SWIFT_EMIT_LOC_STRINGS = YES;
				SWIFT_VERSION = 5.0;
				TARGETED_DEVICE_FAMILY = "1,2";
			};
			name = Debug;
		};
		AAE3781B2B11B93C000336DA /* Release */ = {
			isa = XCBuildConfiguration;
			buildSettings = {
				ASSETCATALOG_COMPILER_APPICON_NAME = AppIcon;
				ASSETCATALOG_COMPILER_GLOBAL_ACCENT_COLOR_NAME = AccentColor;
				CODE_SIGN_STYLE = Automatic;
				CURRENT_PROJECT_VERSION = 1;
				DEVELOPMENT_ASSET_PATHS = "\"Cookie-SwiftUI/Preview Content\"";
				ENABLE_PREVIEWS = YES;
				GENERATE_INFOPLIST_FILE = YES;
				INFOPLIST_KEY_UIApplicationSceneManifest_Generation = YES;
				INFOPLIST_KEY_UIApplicationSupportsIndirectInputEvents = YES;
				INFOPLIST_KEY_UILaunchScreen_Generation = YES;
				INFOPLIST_KEY_UISupportedInterfaceOrientations_iPad = "UIInterfaceOrientationPortrait UIInterfaceOrientationPortraitUpsideDown UIInterfaceOrientationLandscapeLeft UIInterfaceOrientationLandscapeRight";
				INFOPLIST_KEY_UISupportedInterfaceOrientations_iPhone = "UIInterfaceOrientationPortrait UIInterfaceOrientationLandscapeLeft UIInterfaceOrientationLandscapeRight";
				IPHONEOS_DEPLOYMENT_TARGET = 16.4;
				LD_RUNPATH_SEARCH_PATHS = (
					"$(inherited)",
					"@executable_path/Frameworks",
				);
				MARKETING_VERSION = 1.0;
				PRODUCT_BUNDLE_IDENTIFIER = com.cookie;
				PRODUCT_NAME = "$(TARGET_NAME)";
				SWIFT_EMIT_LOC_STRINGS = YES;
				SWIFT_VERSION = 5.0;
				TARGETED_DEVICE_FAMILY = "1,2";
			};
			name = Release;
		};
/* End XCBuildConfiguration section */

/* Begin XCConfigurationList section */
		AAE378062B11B93A000336DA /* Build configuration list for PBXProject "Cookie-SwiftUI" */ = {
			isa = XCConfigurationList;
			buildConfigurations = (
				AAE378172B11B93C000336DA /* Debug */,
				AAE378182B11B93C000336DA /* Release */,
			);
			defaultConfigurationIsVisible = 0;
			defaultConfigurationName = Release;
		};
		AAE378192B11B93C000336DA /* Build configuration list for PBXNativeTarget "Cookie-SwiftUI" */ = {
			isa = XCConfigurationList;
			buildConfigurations = (
				AAE3781A2B11B93C000336DA /* Debug */,
				AAE3781B2B11B93C000336DA /* Release */,
			);
			defaultConfigurationIsVisible = 0;
			defaultConfigurationName = Release;
		};
/* End XCConfigurationList section */

/* Begin XCRemoteSwiftPackageReference section */
		AAE3781C2B11B9E9000336DA /* XCRemoteSwiftPackageReference "firebase-ios-sdk" */ = {
			isa = XCRemoteSwiftPackageReference;
			repositoryURL = "https://github.com/firebase/firebase-ios-sdk";
			requirement = {
				kind = upToNextMajorVersion;
				minimumVersion = 10.18.0;
			};
		};
/* End XCRemoteSwiftPackageReference section */

/* Begin XCSwiftPackageProductDependency section */
		AAE3781D2B11B9E9000336DA /* FirebaseAnalytics */ = {
			isa = XCSwiftPackageProductDependency;
			package = AAE3781C2B11B9E9000336DA /* XCRemoteSwiftPackageReference "firebase-ios-sdk" */;
			productName = FirebaseAnalytics;
		};
		AAE3781F2B11B9E9000336DA /* FirebaseAnalyticsOnDeviceConversion */ = {
			isa = XCSwiftPackageProductDependency;
			package = AAE3781C2B11B9E9000336DA /* XCRemoteSwiftPackageReference "firebase-ios-sdk" */;
			productName = FirebaseAnalyticsOnDeviceConversion;
		};
		AAE378212B11B9E9000336DA /* FirebaseAnalyticsSwift */ = {
			isa = XCSwiftPackageProductDependency;
			package = AAE3781C2B11B9E9000336DA /* XCRemoteSwiftPackageReference "firebase-ios-sdk" */;
			productName = FirebaseAnalyticsSwift;
		};
		AAE378232B11B9E9000336DA /* FirebaseAnalyticsWithoutAdIdSupport */ = {
			isa = XCSwiftPackageProductDependency;
			package = AAE3781C2B11B9E9000336DA /* XCRemoteSwiftPackageReference "firebase-ios-sdk" */;
			productName = FirebaseAnalyticsWithoutAdIdSupport;
		};
		AAE378252B11B9E9000336DA /* FirebaseAppCheck */ = {
			isa = XCSwiftPackageProductDependency;
			package = AAE3781C2B11B9E9000336DA /* XCRemoteSwiftPackageReference "firebase-ios-sdk" */;
			productName = FirebaseAppCheck;
		};
		AAE3782B2B11C732000336DA /* FirebaseAnalytics */ = {
			isa = XCSwiftPackageProductDependency;
			package = AAE3781C2B11B9E9000336DA /* XCRemoteSwiftPackageReference "firebase-ios-sdk" */;
			productName = FirebaseAnalytics;
		};
		AAE3782D2B11C732000336DA /* FirebaseAnalyticsOnDeviceConversion */ = {
			isa = XCSwiftPackageProductDependency;
			package = AAE3781C2B11B9E9000336DA /* XCRemoteSwiftPackageReference "firebase-ios-sdk" */;
			productName = FirebaseAnalyticsOnDeviceConversion;
		};
		AAE3782F2B11C732000336DA /* FirebaseAnalyticsSwift */ = {
			isa = XCSwiftPackageProductDependency;
			package = AAE3781C2B11B9E9000336DA /* XCRemoteSwiftPackageReference "firebase-ios-sdk" */;
			productName = FirebaseAnalyticsSwift;
		};
		AAE378312B11C732000336DA /* FirebaseAnalyticsWithoutAdIdSupport */ = {
			isa = XCSwiftPackageProductDependency;
			package = AAE3781C2B11B9E9000336DA /* XCRemoteSwiftPackageReference "firebase-ios-sdk" */;
			productName = FirebaseAnalyticsWithoutAdIdSupport;
		};
		AAE378332B11C732000336DA /* FirebaseAppCheck */ = {
			isa = XCSwiftPackageProductDependency;
			package = AAE3781C2B11B9E9000336DA /* XCRemoteSwiftPackageReference "firebase-ios-sdk" */;
			productName = FirebaseAppCheck;
		};
		AAE378352B11C732000336DA /* FirebaseAppDistribution-Beta */ = {
			isa = XCSwiftPackageProductDependency;
			package = AAE3781C2B11B9E9000336DA /* XCRemoteSwiftPackageReference "firebase-ios-sdk" */;
			productName = "FirebaseAppDistribution-Beta";
		};
		AAE378372B11C732000336DA /* FirebaseAuth */ = {
			isa = XCSwiftPackageProductDependency;
			package = AAE3781C2B11B9E9000336DA /* XCRemoteSwiftPackageReference "firebase-ios-sdk" */;
			productName = FirebaseAuth;
		};
		AAE378392B11C732000336DA /* FirebaseAuthCombine-Community */ = {
			isa = XCSwiftPackageProductDependency;
			package = AAE3781C2B11B9E9000336DA /* XCRemoteSwiftPackageReference "firebase-ios-sdk" */;
			productName = "FirebaseAuthCombine-Community";
		};
		AAE3783B2B11C732000336DA /* FirebaseCrashlytics */ = {
			isa = XCSwiftPackageProductDependency;
			package = AAE3781C2B11B9E9000336DA /* XCRemoteSwiftPackageReference "firebase-ios-sdk" */;
			productName = FirebaseCrashlytics;
		};
		AAE3783D2B11C732000336DA /* FirebaseDatabase */ = {
			isa = XCSwiftPackageProductDependency;
			package = AAE3781C2B11B9E9000336DA /* XCRemoteSwiftPackageReference "firebase-ios-sdk" */;
			productName = FirebaseDatabase;
		};
		AAE3783F2B11C732000336DA /* FirebaseDatabaseSwift */ = {
			isa = XCSwiftPackageProductDependency;
			package = AAE3781C2B11B9E9000336DA /* XCRemoteSwiftPackageReference "firebase-ios-sdk" */;
			productName = FirebaseDatabaseSwift;
		};
		AAE378412B11C732000336DA /* FirebaseDynamicLinks */ = {
			isa = XCSwiftPackageProductDependency;
			package = AAE3781C2B11B9E9000336DA /* XCRemoteSwiftPackageReference "firebase-ios-sdk" */;
			productName = FirebaseDynamicLinks;
		};
		AAE378432B11C732000336DA /* FirebaseFirestore */ = {
			isa = XCSwiftPackageProductDependency;
			package = AAE3781C2B11B9E9000336DA /* XCRemoteSwiftPackageReference "firebase-ios-sdk" */;
			productName = FirebaseFirestore;
		};
		AAE378452B11C732000336DA /* FirebaseFirestoreCombine-Community */ = {
			isa = XCSwiftPackageProductDependency;
			package = AAE3781C2B11B9E9000336DA /* XCRemoteSwiftPackageReference "firebase-ios-sdk" */;
			productName = "FirebaseFirestoreCombine-Community";
		};
		AAE378472B11C732000336DA /* FirebaseFirestoreSwift */ = {
			isa = XCSwiftPackageProductDependency;
			package = AAE3781C2B11B9E9000336DA /* XCRemoteSwiftPackageReference "firebase-ios-sdk" */;
			productName = FirebaseFirestoreSwift;
		};
		AAE378492B11C732000336DA /* FirebaseFunctions */ = {
			isa = XCSwiftPackageProductDependency;
			package = AAE3781C2B11B9E9000336DA /* XCRemoteSwiftPackageReference "firebase-ios-sdk" */;
			productName = FirebaseFunctions;
		};
		AAE3784B2B11C732000336DA /* FirebaseFunctionsCombine-Community */ = {
			isa = XCSwiftPackageProductDependency;
			package = AAE3781C2B11B9E9000336DA /* XCRemoteSwiftPackageReference "firebase-ios-sdk" */;
			productName = "FirebaseFunctionsCombine-Community";
		};
		AAE3784D2B11C732000336DA /* FirebaseInAppMessaging-Beta */ = {
			isa = XCSwiftPackageProductDependency;
			package = AAE3781C2B11B9E9000336DA /* XCRemoteSwiftPackageReference "firebase-ios-sdk" */;
			productName = "FirebaseInAppMessaging-Beta";
		};
		AAE3784F2B11C732000336DA /* FirebaseInAppMessagingSwift-Beta */ = {
			isa = XCSwiftPackageProductDependency;
			package = AAE3781C2B11B9E9000336DA /* XCRemoteSwiftPackageReference "firebase-ios-sdk" */;
			productName = "FirebaseInAppMessagingSwift-Beta";
		};
		AAE378512B11C732000336DA /* FirebaseInstallations */ = {
			isa = XCSwiftPackageProductDependency;
			package = AAE3781C2B11B9E9000336DA /* XCRemoteSwiftPackageReference "firebase-ios-sdk" */;
			productName = FirebaseInstallations;
		};
		AAE378532B11C732000336DA /* FirebaseMLModelDownloader */ = {
			isa = XCSwiftPackageProductDependency;
			package = AAE3781C2B11B9E9000336DA /* XCRemoteSwiftPackageReference "firebase-ios-sdk" */;
			productName = FirebaseMLModelDownloader;
		};
		AAE378552B11C732000336DA /* FirebaseMessaging */ = {
			isa = XCSwiftPackageProductDependency;
			package = AAE3781C2B11B9E9000336DA /* XCRemoteSwiftPackageReference "firebase-ios-sdk" */;
			productName = FirebaseMessaging;
		};
		AAE378572B11C732000336DA /* FirebasePerformance */ = {
			isa = XCSwiftPackageProductDependency;
			package = AAE3781C2B11B9E9000336DA /* XCRemoteSwiftPackageReference "firebase-ios-sdk" */;
			productName = FirebasePerformance;
		};
		AAE378592B11C732000336DA /* FirebaseRemoteConfig */ = {
			isa = XCSwiftPackageProductDependency;
			package = AAE3781C2B11B9E9000336DA /* XCRemoteSwiftPackageReference "firebase-ios-sdk" */;
			productName = FirebaseRemoteConfig;
		};
		AAE3785B2B11C732000336DA /* FirebaseRemoteConfigSwift */ = {
			isa = XCSwiftPackageProductDependency;
			package = AAE3781C2B11B9E9000336DA /* XCRemoteSwiftPackageReference "firebase-ios-sdk" */;
			productName = FirebaseRemoteConfigSwift;
		};
		AAE3785D2B11C732000336DA /* FirebaseStorage */ = {
			isa = XCSwiftPackageProductDependency;
			package = AAE3781C2B11B9E9000336DA /* XCRemoteSwiftPackageReference "firebase-ios-sdk" */;
			productName = FirebaseStorage;
		};
		AAE3785F2B11C732000336DA /* FirebaseStorageCombine-Community */ = {
			isa = XCSwiftPackageProductDependency;
			package = AAE3781C2B11B9E9000336DA /* XCRemoteSwiftPackageReference "firebase-ios-sdk" */;
			productName = "FirebaseStorageCombine-Community";
		};
/* End XCSwiftPackageProductDependency section */
	};
	rootObject = AAE378032B11B93A000336DA /* Project object */;
}
